// !$*UTF8*$!
{
	archiveVersion = 1;
	classes = {
	};
	objectVersion = 46;
	objects = {

/* Begin PBXBuildFile section */
		9E4AF39C180A8EF1002AB9B9 /* Foundation.framework in Frameworks */ = {isa = PBXBuildFile; fileRef = 9E4AF39B180A8EF1002AB9B9 /* Foundation.framework */; };
		9E4AF39E180A8EF1002AB9B9 /* CoreGraphics.framework in Frameworks */ = {isa = PBXBuildFile; fileRef = 9E4AF39D180A8EF1002AB9B9 /* CoreGraphics.framework */; };
		9E4AF3A0180A8EF1002AB9B9 /* UIKit.framework in Frameworks */ = {isa = PBXBuildFile; fileRef = 9E4AF39F180A8EF1002AB9B9 /* UIKit.framework */; };
		9E4AF3A6180A8EF2002AB9B9 /* InfoPlist.strings in Resources */ = {isa = PBXBuildFile; fileRef = 9E4AF3A4180A8EF2002AB9B9 /* InfoPlist.strings */; };
		9E4AF3A8180A8EF2002AB9B9 /* main.m in Sources */ = {isa = PBXBuildFile; fileRef = 9E4AF3A7180A8EF2002AB9B9 /* main.m */; };
		9E4AF3AC180A8EF2002AB9B9 /* SFAppDelegate.m in Sources */ = {isa = PBXBuildFile; fileRef = 9E4AF3AB180A8EF2002AB9B9 /* SFAppDelegate.m */; };
		9E4AF3AF180A8EF2002AB9B9 /* Main.storyboard in Resources */ = {isa = PBXBuildFile; fileRef = 9E4AF3AD180A8EF2002AB9B9 /* Main.storyboard */; };
		9E4AF3B2180A8EF2002AB9B9 /* SFViewController.m in Sources */ = {isa = PBXBuildFile; fileRef = 9E4AF3B1180A8EF2002AB9B9 /* SFViewController.m */; };
		9E4AF3B4180A8EF2002AB9B9 /* Images.xcassets in Resources */ = {isa = PBXBuildFile; fileRef = 9E4AF3B3180A8EF2002AB9B9 /* Images.xcassets */; };
		9E4AF3BB180A8EF2002AB9B9 /* XCTest.framework in Frameworks */ = {isa = PBXBuildFile; fileRef = 9E4AF3BA180A8EF2002AB9B9 /* XCTest.framework */; };
		9E4AF3BC180A8EF2002AB9B9 /* Foundation.framework in Frameworks */ = {isa = PBXBuildFile; fileRef = 9E4AF39B180A8EF1002AB9B9 /* Foundation.framework */; };
		9E4AF3BD180A8EF2002AB9B9 /* UIKit.framework in Frameworks */ = {isa = PBXBuildFile; fileRef = 9E4AF39F180A8EF1002AB9B9 /* UIKit.framework */; };
		9E4AF3C5180A8EF3002AB9B9 /* InfoPlist.strings in Resources */ = {isa = PBXBuildFile; fileRef = 9E4AF3C3180A8EF3002AB9B9 /* InfoPlist.strings */; };
		9E4AF3C7180A8EF3002AB9B9 /* SFBarGraphDemoAppTests.m in Sources */ = {isa = PBXBuildFile; fileRef = 9E4AF3C6180A8EF3002AB9B9 /* SFBarGraphDemoAppTests.m */; };
		9E4AF3D3180A8F26002AB9B9 /* SFBarGraph.m in Sources */ = {isa = PBXBuildFile; fileRef = 9E4AF3D2180A8F26002AB9B9 /* SFBarGraph.m */; };
/* End PBXBuildFile section */

/* Begin PBXContainerItemProxy section */
		9E4AF3BE180A8EF3002AB9B9 /* PBXContainerItemProxy */ = {
			isa = PBXContainerItemProxy;
			containerPortal = 9E4AF390180A8EF1002AB9B9 /* Project object */;
			proxyType = 1;
			remoteGlobalIDString = 9E4AF397180A8EF1002AB9B9;
			remoteInfo = SFBarGraphDemoApp;
		};
/* End PBXContainerItemProxy section */

/* Begin PBXFileReference section */
		9E4AF398180A8EF1002AB9B9 /* SFBarGraphDemoApp.app */ = {isa = PBXFileReference; explicitFileType = wrapper.application; includeInIndex = 0; path = SFBarGraphDemoApp.app; sourceTree = BUILT_PRODUCTS_DIR; };
		9E4AF39B180A8EF1002AB9B9 /* Foundation.framework */ = {isa = PBXFileReference; lastKnownFileType = wrapper.framework; name = Foundation.framework; path = System/Library/Frameworks/Foundation.framework; sourceTree = SDKROOT; };
		9E4AF39D180A8EF1002AB9B9 /* CoreGraphics.framework */ = {isa = PBXFileReference; lastKnownFileType = wrapper.framework; name = CoreGraphics.framework; path = System/Library/Frameworks/CoreGraphics.framework; sourceTree = SDKROOT; };
		9E4AF39F180A8EF1002AB9B9 /* UIKit.framework */ = {isa = PBXFileReference; lastKnownFileType = wrapper.framework; name = UIKit.framework; path = System/Library/Frameworks/UIKit.framework; sourceTree = SDKROOT; };
		9E4AF3A3180A8EF2002AB9B9 /* SFBarGraphDemoApp-Info.plist */ = {isa = PBXFileReference; lastKnownFileType = text.plist.xml; path = "SFBarGraphDemoApp-Info.plist"; sourceTree = "<group>"; };
		9E4AF3A5180A8EF2002AB9B9 /* en */ = {isa = PBXFileReference; lastKnownFileType = text.plist.strings; name = en; path = en.lproj/InfoPlist.strings; sourceTree = "<group>"; };
		9E4AF3A7180A8EF2002AB9B9 /* main.m */ = {isa = PBXFileReference; lastKnownFileType = sourcecode.c.objc; path = main.m; sourceTree = "<group>"; };
		9E4AF3A9180A8EF2002AB9B9 /* SFBarGraphDemoApp-Prefix.pch */ = {isa = PBXFileReference; lastKnownFileType = sourcecode.c.h; path = "SFBarGraphDemoApp-Prefix.pch"; sourceTree = "<group>"; };
		9E4AF3AA180A8EF2002AB9B9 /* SFAppDelegate.h */ = {isa = PBXFileReference; lastKnownFileType = sourcecode.c.h; path = SFAppDelegate.h; sourceTree = "<group>"; };
		9E4AF3AB180A8EF2002AB9B9 /* SFAppDelegate.m */ = {isa = PBXFileReference; lastKnownFileType = sourcecode.c.objc; path = SFAppDelegate.m; sourceTree = "<group>"; };
		9E4AF3AE180A8EF2002AB9B9 /* Base */ = {isa = PBXFileReference; lastKnownFileType = file.storyboard; name = Base; path = Base.lproj/Main.storyboard; sourceTree = "<group>"; };
		9E4AF3B0180A8EF2002AB9B9 /* SFViewController.h */ = {isa = PBXFileReference; lastKnownFileType = sourcecode.c.h; path = SFViewController.h; sourceTree = "<group>"; };
		9E4AF3B1180A8EF2002AB9B9 /* SFViewController.m */ = {isa = PBXFileReference; lastKnownFileType = sourcecode.c.objc; path = SFViewController.m; sourceTree = "<group>"; };
		9E4AF3B3180A8EF2002AB9B9 /* Images.xcassets */ = {isa = PBXFileReference; lastKnownFileType = folder.assetcatalog; path = Images.xcassets; sourceTree = "<group>"; };
		9E4AF3B9180A8EF2002AB9B9 /* SFBarGraphDemoAppTests.xctest */ = {isa = PBXFileReference; explicitFileType = wrapper.cfbundle; includeInIndex = 0; path = SFBarGraphDemoAppTests.xctest; sourceTree = BUILT_PRODUCTS_DIR; };
		9E4AF3BA180A8EF2002AB9B9 /* XCTest.framework */ = {isa = PBXFileReference; lastKnownFileType = wrapper.framework; name = XCTest.framework; path = Library/Frameworks/XCTest.framework; sourceTree = DEVELOPER_DIR; };
		9E4AF3C2180A8EF3002AB9B9 /* SFBarGraphDemoAppTests-Info.plist */ = {isa = PBXFileReference; lastKnownFileType = text.plist.xml; path = "SFBarGraphDemoAppTests-Info.plist"; sourceTree = "<group>"; };
		9E4AF3C4180A8EF3002AB9B9 /* en */ = {isa = PBXFileReference; lastKnownFileType = text.plist.strings; name = en; path = en.lproj/InfoPlist.strings; sourceTree = "<group>"; };
		9E4AF3C6180A8EF3002AB9B9 /* SFBarGraphDemoAppTests.m */ = {isa = PBXFileReference; lastKnownFileType = sourcecode.c.objc; path = SFBarGraphDemoAppTests.m; sourceTree = "<group>"; };
		9E4AF3D1180A8F26002AB9B9 /* SFBarGraph.h */ = {isa = PBXFileReference; fileEncoding = 4; lastKnownFileType = sourcecode.c.h; path = SFBarGraph.h; sourceTree = "<group>"; };
		9E4AF3D2180A8F26002AB9B9 /* SFBarGraph.m */ = {isa = PBXFileReference; fileEncoding = 4; lastKnownFileType = sourcecode.c.objc; path = SFBarGraph.m; sourceTree = "<group>"; };
/* End PBXFileReference section */

/* Begin PBXFrameworksBuildPhase section */
		9E4AF395180A8EF1002AB9B9 /* Frameworks */ = {
			isa = PBXFrameworksBuildPhase;
			buildActionMask = 2147483647;
			files = (
				9E4AF39E180A8EF1002AB9B9 /* CoreGraphics.framework in Frameworks */,
				9E4AF3A0180A8EF1002AB9B9 /* UIKit.framework in Frameworks */,
				9E4AF39C180A8EF1002AB9B9 /* Foundation.framework in Frameworks */,
			);
			runOnlyForDeploymentPostprocessing = 0;
		};
		9E4AF3B6180A8EF2002AB9B9 /* Frameworks */ = {
			isa = PBXFrameworksBuildPhase;
			buildActionMask = 2147483647;
			files = (
				9E4AF3BB180A8EF2002AB9B9 /* XCTest.framework in Frameworks */,
				9E4AF3BD180A8EF2002AB9B9 /* UIKit.framework in Frameworks */,
				9E4AF3BC180A8EF2002AB9B9 /* Foundation.framework in Frameworks */,
			);
			runOnlyForDeploymentPostprocessing = 0;
		};
/* End PBXFrameworksBuildPhase section */

/* Begin PBXGroup section */
		9E4AF38F180A8EF1002AB9B9 = {
			isa = PBXGroup;
			children = (
				9E4AF3A1180A8EF1002AB9B9 /* SFBarGraphDemoApp */,
				9E4AF3C0180A8EF3002AB9B9 /* SFBarGraphDemoAppTests */,
				9E4AF39A180A8EF1002AB9B9 /* Frameworks */,
				9E4AF399180A8EF1002AB9B9 /* Products */,
			);
			sourceTree = "<group>";
		};
		9E4AF399180A8EF1002AB9B9 /* Products */ = {
			isa = PBXGroup;
			children = (
				9E4AF398180A8EF1002AB9B9 /* SFBarGraphDemoApp.app */,
				9E4AF3B9180A8EF2002AB9B9 /* SFBarGraphDemoAppTests.xctest */,
			);
			name = Products;
			sourceTree = "<group>";
		};
		9E4AF39A180A8EF1002AB9B9 /* Frameworks */ = {
			isa = PBXGroup;
			children = (
				9E4AF39B180A8EF1002AB9B9 /* Foundation.framework */,
				9E4AF39D180A8EF1002AB9B9 /* CoreGraphics.framework */,
				9E4AF39F180A8EF1002AB9B9 /* UIKit.framework */,
				9E4AF3BA180A8EF2002AB9B9 /* XCTest.framework */,
			);
			name = Frameworks;
			sourceTree = "<group>";
		};
		9E4AF3A1180A8EF1002AB9B9 /* SFBarGraphDemoApp */ = {
			isa = PBXGroup;
			children = (
				9E4AF3D0180A8F26002AB9B9 /* SFBarGraph */,
				9E4AF3AA180A8EF2002AB9B9 /* SFAppDelegate.h */,
				9E4AF3AB180A8EF2002AB9B9 /* SFAppDelegate.m */,
				9E4AF3AD180A8EF2002AB9B9 /* Main.storyboard */,
				9E4AF3B0180A8EF2002AB9B9 /* SFViewController.h */,
				9E4AF3B1180A8EF2002AB9B9 /* SFViewController.m */,
				9E4AF3B3180A8EF2002AB9B9 /* Images.xcassets */,
				9E4AF3A2180A8EF1002AB9B9 /* Supporting Files */,
			);
			path = SFBarGraphDemoApp;
			sourceTree = "<group>";
		};
		9E4AF3A2180A8EF1002AB9B9 /* Supporting Files */ = {
			isa = PBXGroup;
			children = (
				9E4AF3A3180A8EF2002AB9B9 /* SFBarGraphDemoApp-Info.plist */,
				9E4AF3A4180A8EF2002AB9B9 /* InfoPlist.strings */,
				9E4AF3A7180A8EF2002AB9B9 /* main.m */,
				9E4AF3A9180A8EF2002AB9B9 /* SFBarGraphDemoApp-Prefix.pch */,
			);
			name = "Supporting Files";
			sourceTree = "<group>";
		};
		9E4AF3C0180A8EF3002AB9B9 /* SFBarGraphDemoAppTests */ = {
			isa = PBXGroup;
			children = (
				9E4AF3C6180A8EF3002AB9B9 /* SFBarGraphDemoAppTests.m */,
				9E4AF3C1180A8EF3002AB9B9 /* Supporting Files */,
			);
			path = SFBarGraphDemoAppTests;
			sourceTree = "<group>";
		};
		9E4AF3C1180A8EF3002AB9B9 /* Supporting Files */ = {
			isa = PBXGroup;
			children = (
				9E4AF3C2180A8EF3002AB9B9 /* SFBarGraphDemoAppTests-Info.plist */,
				9E4AF3C3180A8EF3002AB9B9 /* InfoPlist.strings */,
			);
			name = "Supporting Files";
			sourceTree = "<group>";
		};
		9E4AF3D0180A8F26002AB9B9 /* SFBarGraph */ = {
			isa = PBXGroup;
			children = (
				9E4AF3D1180A8F26002AB9B9 /* SFBarGraph.h */,
				9E4AF3D2180A8F26002AB9B9 /* SFBarGraph.m */,
			);
			path = SFBarGraph;
			sourceTree = "<group>";
		};
/* End PBXGroup section */

/* Begin PBXNativeTarget section */
		9E4AF397180A8EF1002AB9B9 /* SFBarGraphDemoApp */ = {
			isa = PBXNativeTarget;
			buildConfigurationList = 9E4AF3CA180A8EF3002AB9B9 /* Build configuration list for PBXNativeTarget "SFBarGraphDemoApp" */;
			buildPhases = (
				9E4AF394180A8EF1002AB9B9 /* Sources */,
				9E4AF395180A8EF1002AB9B9 /* Frameworks */,
				9E4AF396180A8EF1002AB9B9 /* Resources */,
			);
			buildRules = (
			);
			dependencies = (
			);
			name = SFBarGraphDemoApp;
			productName = SFBarGraphDemoApp;
			productReference = 9E4AF398180A8EF1002AB9B9 /* SFBarGraphDemoApp.app */;
			productType = "com.apple.product-type.application";
		};
		9E4AF3B8180A8EF2002AB9B9 /* SFBarGraphDemoAppTests */ = {
			isa = PBXNativeTarget;
			buildConfigurationList = 9E4AF3CD180A8EF3002AB9B9 /* Build configuration list for PBXNativeTarget "SFBarGraphDemoAppTests" */;
			buildPhases = (
				9E4AF3B5180A8EF2002AB9B9 /* Sources */,
				9E4AF3B6180A8EF2002AB9B9 /* Frameworks */,
				9E4AF3B7180A8EF2002AB9B9 /* Resources */,
			);
			buildRules = (
			);
			dependencies = (
				9E4AF3BF180A8EF3002AB9B9 /* PBXTargetDependency */,
			);
			name = SFBarGraphDemoAppTests;
			productName = SFBarGraphDemoAppTests;
			productReference = 9E4AF3B9180A8EF2002AB9B9 /* SFBarGraphDemoAppTests.xctest */;
			productType = "com.apple.product-type.bundle.unit-test";
		};
/* End PBXNativeTarget section */

/* Begin PBXProject section */
		9E4AF390180A8EF1002AB9B9 /* Project object */ = {
			isa = PBXProject;
			attributes = {
				CLASSPREFIX = SF;
				LastUpgradeCheck = 0500;
				ORGANIZATIONNAME = "Sebastian Flückiger";
				TargetAttributes = {
					9E4AF3B8180A8EF2002AB9B9 = {
						TestTargetID = 9E4AF397180A8EF1002AB9B9;
					};
				};
			};
			buildConfigurationList = 9E4AF393180A8EF1002AB9B9 /* Build configuration list for PBXProject "SFBarGraphDemoApp" */;
			compatibilityVersion = "Xcode 3.2";
			developmentRegion = English;
			hasScannedForEncodings = 0;
			knownRegions = (
				en,
				Base,
			);
			mainGroup = 9E4AF38F180A8EF1002AB9B9;
			productRefGroup = 9E4AF399180A8EF1002AB9B9 /* Products */;
			projectDirPath = "";
			projectRoot = "";
			targets = (
				9E4AF397180A8EF1002AB9B9 /* SFBarGraphDemoApp */,
				9E4AF3B8180A8EF2002AB9B9 /* SFBarGraphDemoAppTests */,
			);
		};
/* End PBXProject section */

/* Begin PBXResourcesBuildPhase section */
		9E4AF396180A8EF1002AB9B9 /* Resources */ = {
			isa = PBXResourcesBuildPhase;
			buildActionMask = 2147483647;
			files = (
				9E4AF3B4180A8EF2002AB9B9 /* Images.xcassets in Resources */,
				9E4AF3A6180A8EF2002AB9B9 /* InfoPlist.strings in Resources */,
				9E4AF3AF180A8EF2002AB9B9 /* Main.storyboard in Resources */,
			);
			runOnlyForDeploymentPostprocessing = 0;
		};
		9E4AF3B7180A8EF2002AB9B9 /* Resources */ = {
			isa = PBXResourcesBuildPhase;
			buildActionMask = 2147483647;
			files = (
				9E4AF3C5180A8EF3002AB9B9 /* InfoPlist.strings in Resources */,
			);
			runOnlyForDeploymentPostprocessing = 0;
		};
/* End PBXResourcesBuildPhase section */

/* Begin PBXSourcesBuildPhase section */
		9E4AF394180A8EF1002AB9B9 /* Sources */ = {
			isa = PBXSourcesBuildPhase;
			buildActionMask = 2147483647;
			files = (
				9E4AF3A8180A8EF2002AB9B9 /* main.m in Sources */,
				9E4AF3B2180A8EF2002AB9B9 /* SFViewController.m in Sources */,
				9E4AF3AC180A8EF2002AB9B9 /* SFAppDelegate.m in Sources */,
				9E4AF3D3180A8F26002AB9B9 /* SFBarGraph.m in Sources */,
			);
			runOnlyForDeploymentPostprocessing = 0;
		};
		9E4AF3B5180A8EF2002AB9B9 /* Sources */ = {
			isa = PBXSourcesBuildPhase;
			buildActionMask = 2147483647;
			files = (
				9E4AF3C7180A8EF3002AB9B9 /* SFBarGraphDemoAppTests.m in Sources */,
			);
			runOnlyForDeploymentPostprocessing = 0;
		};
/* End PBXSourcesBuildPhase section */

/* Begin PBXTargetDependency section */
		9E4AF3BF180A8EF3002AB9B9 /* PBXTargetDependency */ = {
			isa = PBXTargetDependency;
			target = 9E4AF397180A8EF1002AB9B9 /* SFBarGraphDemoApp */;
			targetProxy = 9E4AF3BE180A8EF3002AB9B9 /* PBXContainerItemProxy */;
		};
/* End PBXTargetDependency section */

/* Begin PBXVariantGroup section */
		9E4AF3A4180A8EF2002AB9B9 /* InfoPlist.strings */ = {
			isa = PBXVariantGroup;
			children = (
				9E4AF3A5180A8EF2002AB9B9 /* en */,
			);
			name = InfoPlist.strings;
			sourceTree = "<group>";
		};
		9E4AF3AD180A8EF2002AB9B9 /* Main.storyboard */ = {
			isa = PBXVariantGroup;
			children = (
				9E4AF3AE180A8EF2002AB9B9 /* Base */,
			);
			name = Main.storyboard;
			sourceTree = "<group>";
		};
		9E4AF3C3180A8EF3002AB9B9 /* InfoPlist.strings */ = {
			isa = PBXVariantGroup;
			children = (
				9E4AF3C4180A8EF3002AB9B9 /* en */,
			);
			name = InfoPlist.strings;
			sourceTree = "<group>";
		};
/* End PBXVariantGroup section */

/* Begin XCBuildConfiguration section */
		9E4AF3C8180A8EF3002AB9B9 /* Debug */ = {
			isa = XCBuildConfiguration;
			buildSettings = {
				ALWAYS_SEARCH_USER_PATHS = NO;
				ARCHS = "$(ARCHS_STANDARD_INCLUDING_64_BIT)";
				CLANG_CXX_LANGUAGE_STANDARD = "gnu++0x";
				CLANG_CXX_LIBRARY = "libc++";
				CLANG_ENABLE_MODULES = YES;
				CLANG_ENABLE_OBJC_ARC = YES;
				CLANG_WARN_BOOL_CONVERSION = YES;
				CLANG_WARN_CONSTANT_CONVERSION = YES;
				CLANG_WARN_DIRECT_OBJC_ISA_USAGE = YES_ERROR;
				CLANG_WARN_EMPTY_BODY = YES;
				CLANG_WARN_ENUM_CONVERSION = YES;
				CLANG_WARN_INT_CONVERSION = YES;
				CLANG_WARN_OBJC_ROOT_CLASS = YES_ERROR;
				CLANG_WARN__DUPLICATE_METHOD_MATCH = YES;
				"CODE_SIGN_IDENTITY[sdk=iphoneos*]" = "iPhone Developer";
				COPY_PHASE_STRIP = NO;
				GCC_C_LANGUAGE_STANDARD = gnu99;
				GCC_DYNAMIC_NO_PIC = NO;
				GCC_OPTIMIZATION_LEVEL = 0;
				GCC_PREPROCESSOR_DEFINITIONS = (
					"DEBUG=1",
					"$(inherited)",
				);
				GCC_SYMBOLS_PRIVATE_EXTERN = NO;
				GCC_WARN_64_TO_32_BIT_CONVERSION = YES;
				GCC_WARN_ABOUT_RETURN_TYPE = YES_ERROR;
				GCC_WARN_UNDECLARED_SELECTOR = YES;
				GCC_WARN_UNINITIALIZED_AUTOS = YES;
				GCC_WARN_UNUSED_FUNCTION = YES;
				GCC_WARN_UNUSED_VARIABLE = YES;
				IPHONEOS_DEPLOYMENT_TARGET = 7.0;
				ONLY_ACTIVE_ARCH = YES;
				SDKROOT = iphoneos;
			};
			name = Debug;
		};
		9E4AF3C9180A8EF3002AB9B9 /* Release */ = {
			isa = XCBuildConfiguration;
			buildSettings = {
				ALWAYS_SEARCH_USER_PATHS = NO;
				ARCHS = "$(ARCHS_STANDARD_INCLUDING_64_BIT)";
				CLANG_CXX_LANGUAGE_STANDARD = "gnu++0x";
				CLANG_CXX_LIBRARY = "libc++";
				CLANG_ENABLE_MODULES = YES;
				CLANG_ENABLE_OBJC_ARC = YES;
				CLANG_WARN_BOOL_CONVERSION = YES;
				CLANG_WARN_CONSTANT_CONVERSION = YES;
				CLANG_WARN_DIRECT_OBJC_ISA_USAGE = YES_ERROR;
				CLANG_WARN_EMPTY_BODY = YES;
				CLANG_WARN_ENUM_CONVERSION = YES;
				CLANG_WARN_INT_CONVERSION = YES;
				CLANG_WARN_OBJC_ROOT_CLASS = YES_ERROR;
				CLANG_WARN__DUPLICATE_METHOD_MATCH = YES;
				"CODE_SIGN_IDENTITY[sdk=iphoneos*]" = "iPhone Developer";
				COPY_PHASE_STRIP = YES;
				ENABLE_NS_ASSERTIONS = NO;
				GCC_C_LANGUAGE_STANDARD = gnu99;
				GCC_WARN_64_TO_32_BIT_CONVERSION = YES;
				GCC_WARN_ABOUT_RETURN_TYPE = YES_ERROR;
				GCC_WARN_UNDECLARED_SELECTOR = YES;
				GCC_WARN_UNINITIALIZED_AUTOS = YES;
				GCC_WARN_UNUSED_FUNCTION = YES;
				GCC_WARN_UNUSED_VARIABLE = YES;
				IPHONEOS_DEPLOYMENT_TARGET = 7.0;
				SDKROOT = iphoneos;
				VALIDATE_PRODUCT = YES;
			};
			name = Release;
		};
		9E4AF3CB180A8EF3002AB9B9 /* Debug */ = {
			isa = XCBuildConfiguration;
			buildSettings = {
				ASSETCATALOG_COMPILER_APPICON_NAME = AppIcon;
				ASSETCATALOG_COMPILER_LAUNCHIMAGE_NAME = LaunchImage;
				GCC_PRECOMPILE_PREFIX_HEADER = YES;
				GCC_PREFIX_HEADER = "SFBarGraphDemoApp/SFBarGraphDemoApp-Prefix.pch";
				INFOPLIST_FILE = "SFBarGraphDemoApp/SFBarGraphDemoApp-Info.plist";
				PRODUCT_NAME = "$(TARGET_NAME)";
				WRAPPER_EXTENSION = app;
			};
			name = Debug;
		};
		9E4AF3CC180A8EF3002AB9B9 /* Release */ = {
			isa = XCBuildConfiguration;
			buildSettings = {
				ASSETCATALOG_COMPILER_APPICON_NAME = AppIcon;
				ASSETCATALOG_COMPILER_LAUNCHIMAGE_NAME = LaunchImage;
				GCC_PRECOMPILE_PREFIX_HEADER = YES;
				GCC_PREFIX_HEADER = "SFBarGraphDemoApp/SFBarGraphDemoApp-Prefix.pch";
				INFOPLIST_FILE = "SFBarGraphDemoApp/SFBarGraphDemoApp-Info.plist";
				PRODUCT_NAME = "$(TARGET_NAME)";
				WRAPPER_EXTENSION = app;
			};
			name = Release;
		};
		9E4AF3CE180A8EF3002AB9B9 /* Debug */ = {
			isa = XCBuildConfiguration;
			buildSettings = {
				ARCHS = "$(ARCHS_STANDARD_INCLUDING_64_BIT)";
				BUNDLE_LOADER = "$(BUILT_PRODUCTS_DIR)/SFBarGraphDemoApp.app/SFBarGraphDemoApp";
				FRAMEWORK_SEARCH_PATHS = (
					"$(SDKROOT)/Developer/Library/Frameworks",
					"$(inherited)",
					"$(DEVELOPER_FRAMEWORKS_DIR)",
				);
				GCC_PRECOMPILE_PREFIX_HEADER = YES;
				GCC_PREFIX_HEADER = "SFBarGraphDemoApp/SFBarGraphDemoApp-Prefix.pch";
				GCC_PREPROCESSOR_DEFINITIONS = (
					"DEBUG=1",
					"$(inherited)",
				);
				INFOPLIST_FILE = "SFBarGraphDemoAppTests/SFBarGraphDemoAppTests-Info.plist";
				PRODUCT_NAME = "$(TARGET_NAME)";
				TEST_HOST = "$(BUNDLE_LOADER)";
				WRAPPER_EXTENSION = xctest;
			};
			name = Debug;
		};
		9E4AF3CF180A8EF3002AB9B9 /* Release */ = {
			isa = XCBuildConfiguration;
			buildSettings = {
				ARCHS = "$(ARCHS_STANDARD_INCLUDING_64_BIT)";
				BUNDLE_LOADER = "$(BUILT_PRODUCTS_DIR)/SFBarGraphDemoApp.app/SFBarGraphDemoApp";
				FRAMEWORK_SEARCH_PATHS = (
					"$(SDKROOT)/Developer/Library/Frameworks",
					"$(inherited)",
					"$(DEVELOPER_FRAMEWORKS_DIR)",
				);
				GCC_PRECOMPILE_PREFIX_HEADER = YES;
				GCC_PREFIX_HEADER = "SFBarGraphDemoApp/SFBarGraphDemoApp-Prefix.pch";
				INFOPLIST_FILE = "SFBarGraphDemoAppTests/SFBarGraphDemoAppTests-Info.plist";
				PRODUCT_NAME = "$(TARGET_NAME)";
				TEST_HOST = "$(BUNDLE_LOADER)";
				WRAPPER_EXTENSION = xctest;
			};
			name = Release;
		};
/* End XCBuildConfiguration section */

/* Begin XCConfigurationList section */
		9E4AF393180A8EF1002AB9B9 /* Build configuration list for PBXProject "SFBarGraphDemoApp" */ = {
			isa = XCConfigurationList;
			buildConfigurations = (
				9E4AF3C8180A8EF3002AB9B9 /* Debug */,
				9E4AF3C9180A8EF3002AB9B9 /* Release */,
			);
			defaultConfigurationIsVisible = 0;
			defaultConfigurationName = Release;
		};
		9E4AF3CA180A8EF3002AB9B9 /* Build configuration list for PBXNativeTarget "SFBarGraphDemoApp" */ = {
			isa = XCConfigurationList;
			buildConfigurations = (
				9E4AF3CB180A8EF3002AB9B9 /* Debug */,
				9E4AF3CC180A8EF3002AB9B9 /* Release */,
			);
			defaultConfigurationIsVisible = 0;
		};
		9E4AF3CD180A8EF3002AB9B9 /* Build configuration list for PBXNativeTarget "SFBarGraphDemoAppTests" */ = {
			isa = XCConfigurationList;
			buildConfigurations = (
				9E4AF3CE180A8EF3002AB9B9 /* Debug */,
				9E4AF3CF180A8EF3002AB9B9 /* Release */,
			);
			defaultConfigurationIsVisible = 0;
		};
/* End XCConfigurationList section */
	};
	rootObject = 9E4AF390180A8EF1002AB9B9 /* Project object */;
}
